
Microsoft Visual Studio Solution File, Format Version 12.00
# Visual Studio 15
VisualStudioVersion = 15.0.27703.2042
MinimumVisualStudioVersion = 10.0.40219.1
Project("{8BC9CEB8-8B4A-11D0-8D11-00A0C91BC942}") = "Lab01", "Lab01\Lab01.vcxproj", "{474CAC3C-3AF8-4EF2-9191-036093A26EF9}"
EndProject
Project("{8BC9CEB8-8B4A-11D0-8D11-00A0C91BC942}") = "Project1", "Project1\Project1.vcxproj", "{05F19F17-07FE-4199-9CB9-9BBBF14BE636}"
EndProject
Global
	GlobalSection(SolutionConfigurationPlatforms) = preSolution
		Debug|x64 = Debug|x64
		Debug|x86 = Debug|x86
		Release|x64 = Release|x64
		Release|x86 = Release|x86
	EndGlobalSection
	GlobalSection(ProjectConfigurationPlatforms) = postSolution
		{474CAC3C-3AF8-4EF2-9191-036093A26EF9}.Debug|x64.ActiveCfg = Debug|x64
		{474CAC3C-3AF8-4EF2-9191-036093A26EF9}.Debug|x64.Build.0 = Debug|x64
		{474CAC3C-3AF8-4EF2-9191-036093A26EF9}.Debug|x86.ActiveCfg = Debug|Win32
		{474CAC3C-3AF8-4EF2-9191-036093A26EF9}.Debug|x86.Build.0 = Debug|Win32
		{474CAC3C-3AF8-4EF2-9191-036093A26EF9}.Release|x64.ActiveCfg = Release|x64
		{474CAC3C-3AF8-4EF2-9191-036093A26EF9}.Release|x64.Build.0 = Release|x64
		{474CAC3C-3AF8-4EF2-9191-036093A26EF9}.Release|x86.ActiveCfg = Release|Win32
		{474CAC3C-3AF8-4EF2-9191-036093A26EF9}.Release|x86.Build.0 = Release|Win32
		{05F19F17-07FE-4199-9CB9-9BBBF14BE636}.Debug|x64.ActiveCfg = Debug|x64
		{05F19F17-07FE-4199-9CB9-9BBBF14BE636}.Debug|x64.Build.0 = Debug|x64
		{05F19F17-07FE-4199-9CB9-9BBBF14BE636}.Debug|x86.ActiveCfg = Debug|Win32
		{05F19F17-07FE-4199-9CB9-9BBBF14BE636}.Debug|x86.Build.0 = Debug|Win32
		{05F19F17-07FE-4199-9CB9-9BBBF14BE636}.Release|x64.ActiveCfg = Release|x64
		{05F19F17-07FE-4199-9CB9-9BBBF14BE636}.Release|x64.Build.0 = Release|x64
		{05F19F17-07FE-4199-9CB9-9BBBF14BE636}.Release|x86.ActiveCfg = Release|Win32
		{05F19F17-07FE-4199-9CB9-9BBBF14BE636}.Release|x86.Build.0 = Release|Win32
	EndGlobalSection
	GlobalSection(SolutionProperties) = preSolution
		HideSolutionNode = FALSE
	EndGlobalSection
	GlobalSection(ExtensibilityGlobals) = postSolution
		SolutionGuid = {24CF0DE5-7BC6-4373-95C3-B535075676E8}
	EndGlobalSection
EndGlobal
